
Microsoft Visual Studio Solution File, Format Version 12.00
# Visual Studio 14
VisualStudioVersion = 14.0.25123.0
MinimumVisualStudioVersion = 10.0.40219.1
Project("{FAE04EC0-301F-11D3-BF4B-00C04F79EFBC}") = "SharpGenetics", "SharpGenetics\SharpGenetics.csproj", "{A1EABC5C-8F98-44A3-BB8F-2B465095882E}"
EndProject
Project("{FAE04EC0-301F-11D3-BF4B-00C04F79EFBC}") = "FunctionRegressionExample", "..\Examples\FunctionRegressionExample\FunctionRegressionExample.csproj", "{86A0C31D-A151-4B1A-A1A2-07BA6E3F177B}"
EndProject
Project("{FAE04EC0-301F-11D3-BF4B-00C04F79EFBC}") = "ImageEvolutionExample", "..\Examples\ImageEvolutionExample\ImageEvolutionExample.csproj", "{5A036CB7-EC3E-43B0-A37A-5C457D1FD80C}"
EndProject
Project("{FAE04EC0-301F-11D3-BF4B-00C04F79EFBC}") = "BlindImmobilePeople", "..\Examples\BlindDeafPeople\BlindImmobilePeople.csproj", "{7C5AA55E-8018-4AC8-B0AF-5DB6FB6EF61A}"
EndProject
Project("{FAE04EC0-301F-11D3-BF4B-00C04F79EFBC}") = "SGGUI", "..\Examples\SGGUI\SGGUI.csproj", "{DB5CBFCF-0F64-4803-B627-E2E54274BDFE}"
EndProject
Project("{FAE04EC0-301F-11D3-BF4B-00C04F79EFBC}") = "AStarHeuristic", "..\Examples\AStarHeuristic\AStarHeuristic.csproj", "{60F97F44-36F8-44D6-93CC-E9AFCF3E6D02}"
EndProject
Global
	GlobalSection(SolutionConfigurationPlatforms) = preSolution
		Debug|Any CPU = Debug|Any CPU
		Debug|x64 = Debug|x64
		Debug|x86 = Debug|x86
		Release|Any CPU = Release|Any CPU
		Release|x64 = Release|x64
		Release|x86 = Release|x86
	EndGlobalSection
	GlobalSection(ProjectConfigurationPlatforms) = postSolution
		{A1EABC5C-8F98-44A3-BB8F-2B465095882E}.Debug|Any CPU.ActiveCfg = Debug|Any CPU
		{A1EABC5C-8F98-44A3-BB8F-2B465095882E}.Debug|Any CPU.Build.0 = Debug|Any CPU
		{A1EABC5C-8F98-44A3-BB8F-2B465095882E}.Debug|x64.ActiveCfg = Debug|Any CPU
		{A1EABC5C-8F98-44A3-BB8F-2B465095882E}.Debug|x64.Build.0 = Debug|Any CPU
		{A1EABC5C-8F98-44A3-BB8F-2B465095882E}.Debug|x86.ActiveCfg = Debug|Any CPU
		{A1EABC5C-8F98-44A3-BB8F-2B465095882E}.Debug|x86.Build.0 = Debug|Any CPU
		{A1EABC5C-8F98-44A3-BB8F-2B465095882E}.Release|Any CPU.ActiveCfg = Release|Any CPU
		{A1EABC5C-8F98-44A3-BB8F-2B465095882E}.Release|Any CPU.Build.0 = Release|Any CPU
		{A1EABC5C-8F98-44A3-BB8F-2B465095882E}.Release|x64.ActiveCfg = Release|Any CPU
		{A1EABC5C-8F98-44A3-BB8F-2B465095882E}.Release|x64.Build.0 = Release|Any CPU
		{A1EABC5C-8F98-44A3-BB8F-2B465095882E}.Release|x86.ActiveCfg = Release|Any CPU
		{A1EABC5C-8F98-44A3-BB8F-2B465095882E}.Release|x86.Build.0 = Release|Any CPU
		{86A0C31D-A151-4B1A-A1A2-07BA6E3F177B}.Debug|Any CPU.ActiveCfg = Debug|Any CPU
		{86A0C31D-A151-4B1A-A1A2-07BA6E3F177B}.Debug|Any CPU.Build.0 = Debug|Any CPU
		{86A0C31D-A151-4B1A-A1A2-07BA6E3F177B}.Debug|x64.ActiveCfg = Debug|Any CPU
		{86A0C31D-A151-4B1A-A1A2-07BA6E3F177B}.Debug|x64.Build.0 = Debug|Any CPU
		{86A0C31D-A151-4B1A-A1A2-07BA6E3F177B}.Debug|x86.ActiveCfg = Debug|Any CPU
		{86A0C31D-A151-4B1A-A1A2-07BA6E3F177B}.Debug|x86.Build.0 = Debug|Any CPU
		{86A0C31D-A151-4B1A-A1A2-07BA6E3F177B}.Release|Any CPU.ActiveCfg = Release|Any CPU
		{86A0C31D-A151-4B1A-A1A2-07BA6E3F177B}.Release|Any CPU.Build.0 = Release|Any CPU
		{86A0C31D-A151-4B1A-A1A2-07BA6E3F177B}.Release|x64.ActiveCfg = Release|Any CPU
		{86A0C31D-A151-4B1A-A1A2-07BA6E3F177B}.Release|x64.Build.0 = Release|Any CPU
		{86A0C31D-A151-4B1A-A1A2-07BA6E3F177B}.Release|x86.ActiveCfg = Release|Any CPU
		{86A0C31D-A151-4B1A-A1A2-07BA6E3F177B}.Release|x86.Build.0 = Release|Any CPU
		{5A036CB7-EC3E-43B0-A37A-5C457D1FD80C}.Debug|Any CPU.ActiveCfg = Debug|Any CPU
		{5A036CB7-EC3E-43B0-A37A-5C457D1FD80C}.Debug|Any CPU.Build.0 = Debug|Any CPU
		{5A036CB7-EC3E-43B0-A37A-5C457D1FD80C}.Debug|x64.ActiveCfg = Debug|Any CPU
		{5A036CB7-EC3E-43B0-A37A-5C457D1FD80C}.Debug|x64.Build.0 = Debug|Any CPU
		{5A036CB7-EC3E-43B0-A37A-5C457D1FD80C}.Debug|x86.ActiveCfg = Debug|Any CPU
		{5A036CB7-EC3E-43B0-A37A-5C457D1FD80C}.Debug|x86.Build.0 = Debug|Any CPU
		{5A036CB7-EC3E-43B0-A37A-5C457D1FD80C}.Release|Any CPU.ActiveCfg = Release|Any CPU
		{5A036CB7-EC3E-43B0-A37A-5C457D1FD80C}.Release|Any CPU.Build.0 = Release|Any CPU
		{5A036CB7-EC3E-43B0-A37A-5C457D1FD80C}.Release|x64.ActiveCfg = Release|Any CPU
		{5A036CB7-EC3E-43B0-A37A-5C457D1FD80C}.Release|x64.Build.0 = Release|Any CPU
		{5A036CB7-EC3E-43B0-A37A-5C457D1FD80C}.Release|x86.ActiveCfg = Release|Any CPU
		{5A036CB7-EC3E-43B0-A37A-5C457D1FD80C}.Release|x86.Build.0 = Release|Any CPU
		{7C5AA55E-8018-4AC8-B0AF-5DB6FB6EF61A}.Debug|Any CPU.ActiveCfg = Debug|Any CPU
		{7C5AA55E-8018-4AC8-B0AF-5DB6FB6EF61A}.Debug|Any CPU.Build.0 = Debug|Any CPU
		{7C5AA55E-8018-4AC8-B0AF-5DB6FB6EF61A}.Debug|x64.ActiveCfg = Debug|Any CPU
		{7C5AA55E-8018-4AC8-B0AF-5DB6FB6EF61A}.Debug|x64.Build.0 = Debug|Any CPU
		{7C5AA55E-8018-4AC8-B0AF-5DB6FB6EF61A}.Debug|x86.ActiveCfg = Debug|Any CPU
		{7C5AA55E-8018-4AC8-B0AF-5DB6FB6EF61A}.Debug|x86.Build.0 = Debug|Any CPU
		{7C5AA55E-8018-4AC8-B0AF-5DB6FB6EF61A}.Release|Any CPU.ActiveCfg = Release|Any CPU
		{7C5AA55E-8018-4AC8-B0AF-5DB6FB6EF61A}.Release|Any CPU.Build.0 = Release|Any CPU
		{7C5AA55E-8018-4AC8-B0AF-5DB6FB6EF61A}.Release|x64.ActiveCfg = Release|Any CPU
		{7C5AA55E-8018-4AC8-B0AF-5DB6FB6EF61A}.Release|x64.Build.0 = Release|Any CPU
		{7C5AA55E-8018-4AC8-B0AF-5DB6FB6EF61A}.Release|x86.ActiveCfg = Release|Any CPU
		{7C5AA55E-8018-4AC8-B0AF-5DB6FB6EF61A}.Release|x86.Build.0 = Release|Any CPU
		{DB5CBFCF-0F64-4803-B627-E2E54274BDFE}.Debug|Any CPU.ActiveCfg = Debug|Any CPU
		{DB5CBFCF-0F64-4803-B627-E2E54274BDFE}.Debug|Any CPU.Build.0 = Debug|Any CPU
		{DB5CBFCF-0F64-4803-B627-E2E54274BDFE}.Debug|x64.ActiveCfg = Debug|Any CPU
		{DB5CBFCF-0F64-4803-B627-E2E54274BDFE}.Debug|x64.Build.0 = Debug|Any CPU
		{DB5CBFCF-0F64-4803-B627-E2E54274BDFE}.Debug|x86.ActiveCfg = Debug|Any CPU
		{DB5CBFCF-0F64-4803-B627-E2E54274BDFE}.Debug|x86.Build.0 = Debug|Any CPU
		{DB5CBFCF-0F64-4803-B627-E2E54274BDFE}.Release|Any CPU.ActiveCfg = Release|Any CPU
		{DB5CBFCF-0F64-4803-B627-E2E54274BDFE}.Release|Any CPU.Build.0 = Release|Any CPU
		{DB5CBFCF-0F64-4803-B627-E2E54274BDFE}.Release|x64.ActiveCfg = Release|Any CPU
		{DB5CBFCF-0F64-4803-B627-E2E54274BDFE}.Release|x64.Build.0 = Release|Any CPU
		{DB5CBFCF-0F64-4803-B627-E2E54274BDFE}.Release|x86.ActiveCfg = Release|Any CPU
		{DB5CBFCF-0F64-4803-B627-E2E54274BDFE}.Release|x86.Build.0 = Release|Any CPU
		{60F97F44-36F8-44D6-93CC-E9AFCF3E6D02}.Debug|Any CPU.ActiveCfg = Debug|Any CPU
		{60F97F44-36F8-44D6-93CC-E9AFCF3E6D02}.Debug|Any CPU.Build.0 = Debug|Any CPU
		{60F97F44-36F8-44D6-93CC-E9AFCF3E6D02}.Debug|x64.ActiveCfg = Debug|Any CPU
		{60F97F44-36F8-44D6-93CC-E9AFCF3E6D02}.Debug|x64.Build.0 = Debug|Any CPU
		{60F97F44-36F8-44D6-93CC-E9AFCF3E6D02}.Debug|x86.ActiveCfg = Debug|Any CPU
		{60F97F44-36F8-44D6-93CC-E9AFCF3E6D02}.Debug|x86.Build.0 = Debug|Any CPU
		{60F97F44-36F8-44D6-93CC-E9AFCF3E6D02}.Release|Any CPU.ActiveCfg = Release|Any CPU
		{60F97F44-36F8-44D6-93CC-E9AFCF3E6D02}.Release|Any CPU.Build.0 = Release|Any CPU
		{60F97F44-36F8-44D6-93CC-E9AFCF3E6D02}.Release|x64.ActiveCfg = Release|Any CPU
		{60F97F44-36F8-44D6-93CC-E9AFCF3E6D02}.Release|x64.Build.0 = Release|Any CPU
		{60F97F44-36F8-44D6-93CC-E9AFCF3E6D02}.Release|x86.ActiveCfg = Release|Any CPU
		{60F97F44-36F8-44D6-93CC-E9AFCF3E6D02}.Release|x86.Build.0 = Release|Any CPU
	EndGlobalSection
	GlobalSection(SolutionProperties) = preSolution
		HideSolutionNode = FALSE
	EndGlobalSection
EndGlobal
